{
  "name": "Fullstackecommercereactjswithadminsourcecode",
  "lockfileVersion": 3,
  "requires": true,
  "packages": {
    "": {
      "dependencies": {
        "vnpay": "^2.3.0"
      }
    },
    "node_modules/dayjs": {
      "version": "1.11.13",
      "resolved": "https://registry.npmjs.org/dayjs/-/dayjs-1.11.13.tgz",
      "integrity": "sha512-oaMBel6gjolK862uaPQOVTA7q3TZhuSvuMQAAglQDOWYO9A91IrAOUJEyKVlqJlHE0vq5p5UXxzdPfMH/x6xNg==",
      "license": "MIT"
    },
    "node_modules/vnpay": {
      "version": "2.3.0",
      "resolved": "https://registry.npmjs.org/vnpay/-/vnpay-2.3.0.tgz",
      "integrity": "sha512-Mm2VMxEGMlv+yVt8SUk7sHaz1RSndkL4m4+JkzIRklgfWdUUbrF1JOQgcb/hAq+93gEC25lr5yIDk6fDbAq4kA==",
      "hasInstallScript": true,
      "license": "MIT",
      "dependencies": {
        "dayjs": "^1.11.13"
      }
    }
  }
}
